
Microsoft Visual Studio Solution File, Format Version 11.00
# Visual Basic Express 2010
Project("{F184B08F-C81C-45F6-A57F-5ABD9991F28F}") = "populatingTableDemo", "populatingTableDemo\populatingTableDemo.vbproj", "{785C5B1C-E33D-4223-A0B0-07EE60C70773}"
EndProject
Global
	GlobalSection(SolutionConfigurationPlatforms) = preSolution
		Debug|x86 = Debug|x86
		Release|x86 = Release|x86
	EndGlobalSection
	GlobalSection(ProjectConfigurationPlatforms) = postSolution
		{785C5B1C-E33D-4223-A0B0-07EE60C70773}.Debug|x86.ActiveCfg = Debug|x86
		{785C5B1C-E33D-4223-A0B0-07EE60C70773}.Debug|x86.Build.0 = Debug|x86
		{785C5B1C-E33D-4223-A0B0-07EE60C70773}.Release|x86.ActiveCfg = Release|x86
		{785C5B1C-E33D-4223-A0B0-07EE60C70773}.Release|x86.Build.0 = Release|x86
	EndGlobalSection
	GlobalSection(SolutionProperties) = preSolution
		HideSolutionNode = FALSE
	EndGlobalSection
EndGlobal
